
Microsoft Visual Studio Solution File, Format Version 12.00
# Visual Studio Version 17
VisualStudioVersion = 17.13.35818.85 d17.13
MinimumVisualStudioVersion = 10.0.40219.1
Project("{FAE04EC0-301F-11D3-BF4B-00C04F79EFBC}") = "TP_9_instruction du base", "TP_9_instruction du base\TP_9_instruction du base.csproj", "{DCC33002-5909-419E-8C23-DCEF34CBCB31}"
EndProject
Global
	GlobalSection(SolutionConfigurationPlatforms) = preSolution
		Debug|Any CPU = Debug|Any CPU
		Release|Any CPU = Release|Any CPU
	EndGlobalSection
	GlobalSection(ProjectConfigurationPlatforms) = postSolution
		{DCC33002-5909-419E-8C23-DCEF34CBCB31}.Debug|Any CPU.ActiveCfg = Debug|Any CPU
		{DCC33002-5909-419E-8C23-DCEF34CBCB31}.Debug|Any CPU.Build.0 = Debug|Any CPU
		{DCC33002-5909-419E-8C23-DCEF34CBCB31}.Release|Any CPU.ActiveCfg = Release|Any CPU
		{DCC33002-5909-419E-8C23-DCEF34CBCB31}.Release|Any CPU.Build.0 = Release|Any CPU
	EndGlobalSection
	GlobalSection(SolutionProperties) = preSolution
		HideSolutionNode = FALSE
	EndGlobalSection
	GlobalSection(ExtensibilityGlobals) = postSolution
		SolutionGuid = {F0244FAF-D9C7-4D0C-A3A5-31DE6E10EE42}
	EndGlobalSection
EndGlobal
