
Microsoft Visual Studio Solution File, Format Version 12.00
# Visual Studio Version 17
VisualStudioVersion = 17.13.35818.85 d17.13
MinimumVisualStudioVersion = 10.0.40219.1
Project("{FAE04EC0-301F-11D3-BF4B-00C04F79EFBC}") = "TP-16-V-2", "TP-16-V-2\TP-16-V-2.csproj", "{A83025AC-84AC-49B0-AEA0-0FC04A077EB4}"
EndProject
Global
	GlobalSection(SolutionConfigurationPlatforms) = preSolution
		Debug|Any CPU = Debug|Any CPU
		Release|Any CPU = Release|Any CPU
	EndGlobalSection
	GlobalSection(ProjectConfigurationPlatforms) = postSolution
		{A83025AC-84AC-49B0-AEA0-0FC04A077EB4}.Debug|Any CPU.ActiveCfg = Debug|Any CPU
		{A83025AC-84AC-49B0-AEA0-0FC04A077EB4}.Debug|Any CPU.Build.0 = Debug|Any CPU
		{A83025AC-84AC-49B0-AEA0-0FC04A077EB4}.Release|Any CPU.ActiveCfg = Release|Any CPU
		{A83025AC-84AC-49B0-AEA0-0FC04A077EB4}.Release|Any CPU.Build.0 = Release|Any CPU
	EndGlobalSection
	GlobalSection(SolutionProperties) = preSolution
		HideSolutionNode = FALSE
	EndGlobalSection
	GlobalSection(ExtensibilityGlobals) = postSolution
		SolutionGuid = {FA85E441-5A3B-4061-B831-22BBB9DF1B97}
	EndGlobalSection
EndGlobal
